
Microsoft Visual Studio Solution File, Format Version 12.00
# Visual Studio Version 17
VisualStudioVersion = 17.5.33516.290
MinimumVisualStudioVersion = 10.0.40219.1
Project("{FAE04EC0-301F-11D3-BF4B-00C04F79EFBC}") = "UserSimulator", "UserSimulator.csproj", "{16DA0521-C729-44CF-92DC-46C9EC41495A}"
EndProject
Global
	GlobalSection(SolutionConfigurationPlatforms) = preSolution
		Debug|Any CPU = Debug|Any CPU
		Release|Any CPU = Release|Any CPU
	EndGlobalSection
	GlobalSection(ProjectConfigurationPlatforms) = postSolution
		{16DA0521-C729-44CF-92DC-46C9EC41495A}.Debug|Any CPU.ActiveCfg = Debug|Any CPU
		{16DA0521-C729-44CF-92DC-46C9EC41495A}.Debug|Any CPU.Build.0 = Debug|Any CPU
		{16DA0521-C729-44CF-92DC-46C9EC41495A}.Release|Any CPU.ActiveCfg = Release|Any CPU
		{16DA0521-C729-44CF-92DC-46C9EC41495A}.Release|Any CPU.Build.0 = Release|Any CPU
	EndGlobalSection
	GlobalSection(SolutionProperties) = preSolution
		HideSolutionNode = FALSE
	EndGlobalSection
	GlobalSection(ExtensibilityGlobals) = postSolution
		SolutionGuid = {EBA45D41-BA33-496A-86EF-D9D419196CB1}
	EndGlobalSection
EndGlobal
