
Microsoft Visual Studio Solution File, Format Version 12.00
# Visual Studio Version 17
VisualStudioVersion = 17.5.33516.290
MinimumVisualStudioVersion = 10.0.40219.1
Project("{9A19103F-16F7-4668-BE54-9A1E7A4F7556}") = "ProBotTelegramClient", "ProBotTelegramClient.csproj", "{4CE3A22B-0B08-43F4-BD0B-36ECDA5240C1}"
EndProject
Global
	GlobalSection(SolutionConfigurationPlatforms) = preSolution
		Debug|Any CPU = Debug|Any CPU
		Release|Any CPU = Release|Any CPU
	EndGlobalSection
	GlobalSection(ProjectConfigurationPlatforms) = postSolution
		{4CE3A22B-0B08-43F4-BD0B-36ECDA5240C1}.Debug|Any CPU.ActiveCfg = Debug|Any CPU
		{4CE3A22B-0B08-43F4-BD0B-36ECDA5240C1}.Debug|Any CPU.Build.0 = Debug|Any CPU
		{4CE3A22B-0B08-43F4-BD0B-36ECDA5240C1}.Release|Any CPU.ActiveCfg = Release|Any CPU
		{4CE3A22B-0B08-43F4-BD0B-36ECDA5240C1}.Release|Any CPU.Build.0 = Release|Any CPU
	EndGlobalSection
	GlobalSection(SolutionProperties) = preSolution
		HideSolutionNode = FALSE
	EndGlobalSection
	GlobalSection(ExtensibilityGlobals) = postSolution
		SolutionGuid = {3F442306-A69E-4F26-80EB-D9968CA3EE0C}
	EndGlobalSection
EndGlobal
