
Microsoft Visual Studio Solution File, Format Version 12.00
# Visual Studio Version 17
VisualStudioVersion = 17.5.33516.290
MinimumVisualStudioVersion = 10.0.40219.1
Project("{FAE04EC0-301F-11D3-BF4B-00C04F79EFBC}") = "GoogleServices", "GoogleServices.csproj", "{0ACC311C-FE6F-41A3-A3BF-C23B8E0E2B14}"
EndProject
Global
	GlobalSection(SolutionConfigurationPlatforms) = preSolution
		Debug|Any CPU = Debug|Any CPU
		Release|Any CPU = Release|Any CPU
	EndGlobalSection
	GlobalSection(ProjectConfigurationPlatforms) = postSolution
		{0ACC311C-FE6F-41A3-A3BF-C23B8E0E2B14}.Debug|Any CPU.ActiveCfg = Debug|Any CPU
		{0ACC311C-FE6F-41A3-A3BF-C23B8E0E2B14}.Debug|Any CPU.Build.0 = Debug|Any CPU
		{0ACC311C-FE6F-41A3-A3BF-C23B8E0E2B14}.Release|Any CPU.ActiveCfg = Release|Any CPU
		{0ACC311C-FE6F-41A3-A3BF-C23B8E0E2B14}.Release|Any CPU.Build.0 = Release|Any CPU
	EndGlobalSection
	GlobalSection(SolutionProperties) = preSolution
		HideSolutionNode = FALSE
	EndGlobalSection
	GlobalSection(ExtensibilityGlobals) = postSolution
		SolutionGuid = {7A3E5F5F-6D37-4465-B126-0404E4FF7AFB}
	EndGlobalSection
EndGlobal
